
Microsoft Visual Studio Solution File, Format Version 12.00
# Visual Studio Version 17
VisualStudioVersion = 17.8.34330.188
MinimumVisualStudioVersion = 10.0.40219.1
Project("{9A19103F-16F7-4668-BE54-9A1E7A4F7556}") = "Trebuchet", "Trebuchet\Trebuchet.csproj", "{1BFF9DAB-F871-4458-B952-96C6FAFA36CA}"
EndProject
Project("{9A19103F-16F7-4668-BE54-9A1E7A4F7556}") = "AdventTest", "AdventTest\AdventTest.csproj", "{499FD414-375B-4E71-9CB4-14C3CFA07874}"
EndProject
Project("{9A19103F-16F7-4668-BE54-9A1E7A4F7556}") = "BagOfCubesGame", "BagOfCubesGame\BagOfCubesGame.csproj", "{CB0F9FA4-A1EC-4366-AE5D-BB02BFE023D5}"
EndProject
Project("{9A19103F-16F7-4668-BE54-9A1E7A4F7556}") = "GearRatio", "GearRatio\GearRatio.csproj", "{49EF0806-5777-4637-B473-B050A0E67FBC}"
EndProject
Project("{9A19103F-16F7-4668-BE54-9A1E7A4F7556}") = "ScratchCards", "ScratchCards\ScratchCards.csproj", "{D26DF5DA-80CE-43A0-8901-293347A6A847}"
EndProject
Project("{FAE04EC0-301F-11D3-BF4B-00C04F79EFBC}") = "IfYouGiveASeedAFertilizer", "IfYouGiveASeedAFertilizer\IfYouGiveASeedAFertilizer.csproj", "{63DA4C14-7F1D-461F-99E6-D5B49DD3E7B4}"
EndProject
Global
	GlobalSection(SolutionConfigurationPlatforms) = preSolution
		Debug|Any CPU = Debug|Any CPU
		Release|Any CPU = Release|Any CPU
	EndGlobalSection
	GlobalSection(ProjectConfigurationPlatforms) = postSolution
		{1BFF9DAB-F871-4458-B952-96C6FAFA36CA}.Debug|Any CPU.ActiveCfg = Debug|Any CPU
		{1BFF9DAB-F871-4458-B952-96C6FAFA36CA}.Debug|Any CPU.Build.0 = Debug|Any CPU
		{1BFF9DAB-F871-4458-B952-96C6FAFA36CA}.Release|Any CPU.ActiveCfg = Release|Any CPU
		{1BFF9DAB-F871-4458-B952-96C6FAFA36CA}.Release|Any CPU.Build.0 = Release|Any CPU
		{499FD414-375B-4E71-9CB4-14C3CFA07874}.Debug|Any CPU.ActiveCfg = Debug|Any CPU
		{499FD414-375B-4E71-9CB4-14C3CFA07874}.Debug|Any CPU.Build.0 = Debug|Any CPU
		{499FD414-375B-4E71-9CB4-14C3CFA07874}.Release|Any CPU.ActiveCfg = Release|Any CPU
		{499FD414-375B-4E71-9CB4-14C3CFA07874}.Release|Any CPU.Build.0 = Release|Any CPU
		{CB0F9FA4-A1EC-4366-AE5D-BB02BFE023D5}.Debug|Any CPU.ActiveCfg = Debug|Any CPU
		{CB0F9FA4-A1EC-4366-AE5D-BB02BFE023D5}.Debug|Any CPU.Build.0 = Debug|Any CPU
		{CB0F9FA4-A1EC-4366-AE5D-BB02BFE023D5}.Release|Any CPU.ActiveCfg = Release|Any CPU
		{CB0F9FA4-A1EC-4366-AE5D-BB02BFE023D5}.Release|Any CPU.Build.0 = Release|Any CPU
		{49EF0806-5777-4637-B473-B050A0E67FBC}.Debug|Any CPU.ActiveCfg = Debug|Any CPU
		{49EF0806-5777-4637-B473-B050A0E67FBC}.Debug|Any CPU.Build.0 = Debug|Any CPU
		{49EF0806-5777-4637-B473-B050A0E67FBC}.Release|Any CPU.ActiveCfg = Release|Any CPU
		{49EF0806-5777-4637-B473-B050A0E67FBC}.Release|Any CPU.Build.0 = Release|Any CPU
		{D26DF5DA-80CE-43A0-8901-293347A6A847}.Debug|Any CPU.ActiveCfg = Debug|Any CPU
		{D26DF5DA-80CE-43A0-8901-293347A6A847}.Debug|Any CPU.Build.0 = Debug|Any CPU
		{D26DF5DA-80CE-43A0-8901-293347A6A847}.Release|Any CPU.ActiveCfg = Release|Any CPU
		{D26DF5DA-80CE-43A0-8901-293347A6A847}.Release|Any CPU.Build.0 = Release|Any CPU
		{63DA4C14-7F1D-461F-99E6-D5B49DD3E7B4}.Debug|Any CPU.ActiveCfg = Debug|Any CPU
		{63DA4C14-7F1D-461F-99E6-D5B49DD3E7B4}.Debug|Any CPU.Build.0 = Debug|Any CPU
		{63DA4C14-7F1D-461F-99E6-D5B49DD3E7B4}.Release|Any CPU.ActiveCfg = Release|Any CPU
		{63DA4C14-7F1D-461F-99E6-D5B49DD3E7B4}.Release|Any CPU.Build.0 = Release|Any CPU
	EndGlobalSection
	GlobalSection(SolutionProperties) = preSolution
		HideSolutionNode = FALSE
	EndGlobalSection
	GlobalSection(ExtensibilityGlobals) = postSolution
		SolutionGuid = {83580AC8-EFAC-4ED0-A772-F6B94587DCA0}
	EndGlobalSection
EndGlobal
